PODS:
  - GrowingTextView (0.5.6)
  - PhoneNumberKit (2.1.0):
    - PhoneNumberKit/PhoneNumberKitCore (= 2.1.0)
    - PhoneNumberKit/UIKit (= 2.1.0)
  - PhoneNumberKit/PhoneNumberKitCore (2.1.0)
  - PhoneNumberKit/UIKit (2.1.0):
    - PhoneNumberKit/PhoneNumberKitCore
  - PINCache (3.0.1-beta.6):
    - PINCache/Arc-exception-safe (= 3.0.1-beta.6)
    - PINCache/Core (= 3.0.1-beta.6)
  - PINCache/Arc-exception-safe (3.0.1-beta.6):
    - PINCache/Core
  - PINCache/Core (3.0.1-beta.6):
    - PINOperation (~> 1.1.0)
  - PINOperation (1.1.1)
  - PINRemoteImage/Core (3.0.0-beta.13):
    - PINOperation
  - PINRemoteImage/iOS (3.0.0-beta.13):
    - PINRemoteImage/Core
  - PINRemoteImage/PINCache (3.0.0-beta.13):
    - PINCache (= 3.0.1-beta.6)
    - PINRemoteImage/Core
  - Reachability (3.2)
  - Realm (3.5.0):
    - Realm/Headers (= 3.5.0)
  - Realm/Headers (3.5.0)
  - RealmSwift (3.5.0):
    - Realm (= 3.5.0)
  - SnapKit (4.0.0)
  - SoundWave (0.1.2)
  - Texture (2.6):
    - Texture/PINRemoteImage (= 2.6)
  - Texture/Core (2.6)
  - Texture/PINRemoteImage (2.6):
    - PINRemoteImage/iOS (= 3.0.0-beta.13)
    - PINRemoteImage/PINCache
    - Texture/Core

DEPENDENCIES:
  - GrowingTextView (~> 0.5)
  - PhoneNumberKit (~> 2.1)
  - Reachability
  - RealmSwift
  - SnapKit (~> 4.0.0)
  - SoundWave
  - Texture

SPEC REPOS:
  https://github.com/cocoapods/specs.git:
    - GrowingTextView
    - PhoneNumberKit
    - PINCache
    - PINOperation
    - PINRemoteImage
    - Reachability
    - Realm
    - RealmSwift
    - SnapKit
    - SoundWave
    - Texture

SPEC CHECKSUMS:
  GrowingTextView: 8958f4fb7419de58dd622021b2d0696487e00e70
  PhoneNumberKit: 62003f40ff75315fd3738286558bc365365ac222
  PINCache: d195fdba255283f7e9900a55e3cced377f431f9b
  PINOperation: a6219e6fc9db9c269eb7a7b871ac193bcf400aac
  PINRemoteImage: d6d51c5d2adda55f1ce30c96e850b6c4ebd2856a
  Reachability: 33e18b67625424e47b6cde6d202dce689ad7af96
  Realm: 0378021c424e4e2bd6a0e63b27881e929d9b9ad1
  RealmSwift: 3322562622fda2ad596985ead4d8d8be30cf838c
  SnapKit: a42d492c16e80209130a3379f73596c3454b7694
  SoundWave: 74af192045482ba1b881c6fd063655bb46162fa0
  Texture: 7249074582daf75e524e59df5428b66b8e8db0e4

PODFILE CHECKSUM: 95e0cd7cc43d3047765e508017a886d7fd7c6aed

COCOAPODS: 1.5.3
